
Microsoft Visual Studio Solution File, Format Version 12.00
# Visual Studio Version 16
VisualStudioVersion = 16.0.29509.3
MinimumVisualStudioVersion = 10.0.40219.1
Project("{FAE04EC0-301F-11D3-BF4B-00C04F79EFBC}") = "aaLogGUITester", "aaLogForwarder\aaLogGUITester.csproj", "{DA29A942-0BCC-4A6F-89DC-779EBF17EC23}"
EndProject
Project("{FAE04EC0-301F-11D3-BF4B-00C04F79EFBC}") = "aaLogReader", "aaLogReader\aaLogReader.csproj", "{028D0691-41C6-426E-B378-FB291425CF6D}"
EndProject
Project("{2150E333-8FDC-42A3-9474-1A3956D46DE8}") = ".nuget", ".nuget", "{87DCE6F5-542B-407F-97DC-9DD8A0B91C13}"
	ProjectSection(SolutionItems) = preProject
		.nuget\NuGet.Config = .nuget\NuGet.Config
	EndProjectSection
EndProject
Project("{FAE04EC0-301F-11D3-BF4B-00C04F79EFBC}") = "aaLogConsoleTester", "aaLogConsoleReader\aaLogConsoleTester.csproj", "{52754B83-33EC-4C89-AB0B-CB022747BBFF}"
EndProject
Project("{FAE04EC0-301F-11D3-BF4B-00C04F79EFBC}") = "aaLogSplunkConsole", "aaLogSplunkConsole\aaLogSplunkConsole.csproj", "{AD520B06-FC6D-4516-AB51-C6A87A8B9BC6}"
EndProject
Project("{2150E333-8FDC-42A3-9474-1A3956D46DE8}") = "Solution Items", "Solution Items", "{883D3C70-5572-48C2-809C-8EFCA4B8EC66}"
	ProjectSection(SolutionItems) = preProject
		.gitattributes = .gitattributes
		.gitignore = .gitignore
		CONTRIBUTING.MD = CONTRIBUTING.MD
		LICENSE = LICENSE
		README.md = README.md
	EndProjectSection
EndProject
Project("{FAE04EC0-301F-11D3-BF4B-00C04F79EFBC}") = "aaLogSavetoFileExample", "aaLogSavetoFileExample\aaLogSavetoFileExample.csproj", "{D38C492C-53EC-4F1B-98E7-CD7CD258E72D}"
EndProject
Project("{FAE04EC0-301F-11D3-BF4B-00C04F79EFBC}") = "aaLogReaderModularInput", "aaLogReaderModularInput\aaLogReaderModularInput.csproj", "{5A559239-6B65-4F01-8D7D-B728FE5DA44C}"
EndProject
Project("{FAE04EC0-301F-11D3-BF4B-00C04F79EFBC}") = "aaLogWebAPI", "aaLogWebAPI\aaLogWebAPI.csproj", "{7DDF62AB-BE62-4EDB-9870-0DE3F2A679CF}"
EndProject
Project("{FAE04EC0-301F-11D3-BF4B-00C04F79EFBC}") = "aaLogReader.Tests", "aaLogReader.Tests\aaLogReader.Tests.csproj", "{A606F2E4-442B-4C64-96E5-8BB9318FF28C}"
EndProject
Project("{FAE04EC0-301F-11D3-BF4B-00C04F79EFBC}") = "SMCtoSplunkHTTP", "SMCtoSplunkHTTP\SMCtoSplunkHTTP.csproj", "{24511475-8AF2-4DB0-8BFB-E9E215970ACF}"
EndProject
Project("{FAE04EC0-301F-11D3-BF4B-00C04F79EFBC}") = "aaLogElasticFileBeat", "aaLogElasticFileBeat\aaLogElasticFileBeat.csproj", "{3EFD1293-2F52-4C52-A076-751BBC1E15F8}"
EndProject
Project("{930C7802-8A8C-48F9-8165-68863BCCD9DD}") = "aaLogElasticFileBeat-setup", "aaLogElasticFileBeat-setup\aaLogElasticFileBeat-setup.wixproj", "{4D5F5983-C163-4A31-9336-0171BAEE7068}"
EndProject
Global
	GlobalSection(SolutionConfigurationPlatforms) = preSolution
		aaLogWebAPI-Debug|Any CPU = aaLogWebAPI-Debug|Any CPU
		aaLogWebAPI-Debug|Mixed Platforms = aaLogWebAPI-Debug|Mixed Platforms
		aaLogWebAPI-Debug|x86 = aaLogWebAPI-Debug|x86
		Debug|Any CPU = Debug|Any CPU
		Debug|Mixed Platforms = Debug|Mixed Platforms
		Debug|x86 = Debug|x86
		Release - aaSplunkLogConsole|Any CPU = Release - aaSplunkLogConsole|Any CPU
		Release - aaSplunkLogConsole|Mixed Platforms = Release - aaSplunkLogConsole|Mixed Platforms
		Release - aaSplunkLogConsole|x86 = Release - aaSplunkLogConsole|x86
		Release|Any CPU = Release|Any CPU
		Release|Mixed Platforms = Release|Mixed Platforms
		Release|x86 = Release|x86
		Release-SMCtoSplunkHTTP|Any CPU = Release-SMCtoSplunkHTTP|Any CPU
		Release-SMCtoSplunkHTTP|Mixed Platforms = Release-SMCtoSplunkHTTP|Mixed Platforms
		Release-SMCtoSplunkHTTP|x86 = Release-SMCtoSplunkHTTP|x86
	EndGlobalSection
	GlobalSection(ProjectConfigurationPlatforms) = postSolution
		{DA29A942-0BCC-4A6F-89DC-779EBF17EC23}.aaLogWebAPI-Debug|Any CPU.ActiveCfg = aaLogWebAPI-Debug|Any CPU
		{DA29A942-0BCC-4A6F-89DC-779EBF17EC23}.aaLogWebAPI-Debug|Any CPU.Build.0 = aaLogWebAPI-Debug|Any CPU
		{DA29A942-0BCC-4A6F-89DC-779EBF17EC23}.aaLogWebAPI-Debug|Mixed Platforms.ActiveCfg = aaLogWebAPI-Debug|Any CPU
		{DA29A942-0BCC-4A6F-89DC-779EBF17EC23}.aaLogWebAPI-Debug|x86.ActiveCfg = aaLogWebAPI-Debug|Any CPU
		{DA29A942-0BCC-4A6F-89DC-779EBF17EC23}.aaLogWebAPI-Debug|x86.Build.0 = aaLogWebAPI-Debug|Any CPU
		{DA29A942-0BCC-4A6F-89DC-779EBF17EC23}.Debug|Any CPU.ActiveCfg = aaLogWebAPI-Debug|Any CPU
		{DA29A942-0BCC-4A6F-89DC-779EBF17EC23}.Debug|Any CPU.Build.0 = Debug|Any CPU
		{DA29A942-0BCC-4A6F-89DC-779EBF17EC23}.Debug|Mixed Platforms.ActiveCfg = Debug|Any CPU
		{DA29A942-0BCC-4A6F-89DC-779EBF17EC23}.Debug|x86.ActiveCfg = Debug|Any CPU
		{DA29A942-0BCC-4A6F-89DC-779EBF17EC23}.Debug|x86.Build.0 = Debug|Any CPU
		{DA29A942-0BCC-4A6F-89DC-779EBF17EC23}.Release - aaSplunkLogConsole|Any CPU.ActiveCfg = aaLogWebAPI-Debug|Any CPU
		{DA29A942-0BCC-4A6F-89DC-779EBF17EC23}.Release - aaSplunkLogConsole|Mixed Platforms.ActiveCfg = Release - aaSplunkLogConsole|Any CPU
		{DA29A942-0BCC-4A6F-89DC-779EBF17EC23}.Release - aaSplunkLogConsole|Mixed Platforms.Build.0 = Release - aaSplunkLogConsole|Any CPU
		{DA29A942-0BCC-4A6F-89DC-779EBF17EC23}.Release - aaSplunkLogConsole|x86.ActiveCfg = Release - aaSplunkLogConsole|Any CPU
		{DA29A942-0BCC-4A6F-89DC-779EBF17EC23}.Release|Any CPU.ActiveCfg = aaLogWebAPI-Debug|Any CPU
		{DA29A942-0BCC-4A6F-89DC-779EBF17EC23}.Release|Mixed Platforms.ActiveCfg = Release|Any CPU
		{DA29A942-0BCC-4A6F-89DC-779EBF17EC23}.Release|Mixed Platforms.Build.0 = Release|Any CPU
		{DA29A942-0BCC-4A6F-89DC-779EBF17EC23}.Release|x86.ActiveCfg = Release|Any CPU
		{DA29A942-0BCC-4A6F-89DC-779EBF17EC23}.Release|x86.Build.0 = Release|Any CPU
		{DA29A942-0BCC-4A6F-89DC-779EBF17EC23}.Release-SMCtoSplunkHTTP|Any CPU.ActiveCfg = aaLogWebAPI-Debug|Any CPU
		{DA29A942-0BCC-4A6F-89DC-779EBF17EC23}.Release-SMCtoSplunkHTTP|Mixed Platforms.ActiveCfg = Release-SMCtoSplunkHTTP|Any CPU
		{DA29A942-0BCC-4A6F-89DC-779EBF17EC23}.Release-SMCtoSplunkHTTP|Mixed Platforms.Build.0 = Release-SMCtoSplunkHTTP|Any CPU
		{DA29A942-0BCC-4A6F-89DC-779EBF17EC23}.Release-SMCtoSplunkHTTP|x86.ActiveCfg = Release-SMCtoSplunkHTTP|Any CPU
		{DA29A942-0BCC-4A6F-89DC-779EBF17EC23}.Release-SMCtoSplunkHTTP|x86.Build.0 = Release-SMCtoSplunkHTTP|Any CPU
		{028D0691-41C6-426E-B378-FB291425CF6D}.aaLogWebAPI-Debug|Any CPU.ActiveCfg = aaLogWebAPI-Debug|Any CPU
		{028D0691-41C6-426E-B378-FB291425CF6D}.aaLogWebAPI-Debug|Any CPU.Build.0 = aaLogWebAPI-Debug|Any CPU
		{028D0691-41C6-426E-B378-FB291425CF6D}.aaLogWebAPI-Debug|Mixed Platforms.ActiveCfg = aaLogWebAPI-Debug|Any CPU
		{028D0691-41C6-426E-B378-FB291425CF6D}.aaLogWebAPI-Debug|Mixed Platforms.Build.0 = aaLogWebAPI-Debug|Any CPU
		{028D0691-41C6-426E-B378-FB291425CF6D}.aaLogWebAPI-Debug|x86.ActiveCfg = aaLogWebAPI-Debug|Any CPU
		{028D0691-41C6-426E-B378-FB291425CF6D}.aaLogWebAPI-Debug|x86.Build.0 = aaLogWebAPI-Debug|Any CPU
		{028D0691-41C6-426E-B378-FB291425CF6D}.Debug|Any CPU.ActiveCfg = aaLogWebAPI-Debug|Any CPU
		{028D0691-41C6-426E-B378-FB291425CF6D}.Debug|Any CPU.Build.0 = aaLogWebAPI-Debug|Any CPU
		{028D0691-41C6-426E-B378-FB291425CF6D}.Debug|Mixed Platforms.ActiveCfg = Debug|Any CPU
		{028D0691-41C6-426E-B378-FB291425CF6D}.Debug|Mixed Platforms.Build.0 = Debug|Any CPU
		{028D0691-41C6-426E-B378-FB291425CF6D}.Debug|x86.ActiveCfg = Debug|Any CPU
		{028D0691-41C6-426E-B378-FB291425CF6D}.Debug|x86.Build.0 = Debug|Any CPU
		{028D0691-41C6-426E-B378-FB291425CF6D}.Release - aaSplunkLogConsole|Any CPU.ActiveCfg = aaLogWebAPI-Debug|Any CPU
		{028D0691-41C6-426E-B378-FB291425CF6D}.Release - aaSplunkLogConsole|Any CPU.Build.0 = aaLogWebAPI-Debug|Any CPU
		{028D0691-41C6-426E-B378-FB291425CF6D}.Release - aaSplunkLogConsole|Mixed Platforms.ActiveCfg = Release - aaSplunkLogConsole|Any CPU
		{028D0691-41C6-426E-B378-FB291425CF6D}.Release - aaSplunkLogConsole|Mixed Platforms.Build.0 = Release - aaSplunkLogConsole|Any CPU
		{028D0691-41C6-426E-B378-FB291425CF6D}.Release - aaSplunkLogConsole|x86.ActiveCfg = Release - aaSplunkLogConsole|Any CPU
		{028D0691-41C6-426E-B378-FB291425CF6D}.Release|Any CPU.ActiveCfg = aaLogWebAPI-Debug|Any CPU
		{028D0691-41C6-426E-B378-FB291425CF6D}.Release|Any CPU.Build.0 = aaLogWebAPI-Debug|Any CPU
		{028D0691-41C6-426E-B378-FB291425CF6D}.Release|Mixed Platforms.ActiveCfg = Release|Any CPU
		{028D0691-41C6-426E-B378-FB291425CF6D}.Release|Mixed Platforms.Build.0 = Release|Any CPU
		{028D0691-41C6-426E-B378-FB291425CF6D}.Release|x86.ActiveCfg = Release|Any CPU
		{028D0691-41C6-426E-B378-FB291425CF6D}.Release|x86.Build.0 = Release|Any CPU
		{028D0691-41C6-426E-B378-FB291425CF6D}.Release-SMCtoSplunkHTTP|Any CPU.ActiveCfg = aaLogWebAPI-Debug|Any CPU
		{028D0691-41C6-426E-B378-FB291425CF6D}.Release-SMCtoSplunkHTTP|Any CPU.Build.0 = aaLogWebAPI-Debug|Any CPU
		{028D0691-41C6-426E-B378-FB291425CF6D}.Release-SMCtoSplunkHTTP|Mixed Platforms.ActiveCfg = Release-SMCtoSplunkHTTP|Any CPU
		{028D0691-41C6-426E-B378-FB291425CF6D}.Release-SMCtoSplunkHTTP|Mixed Platforms.Build.0 = Release-SMCtoSplunkHTTP|Any CPU
		{028D0691-41C6-426E-B378-FB291425CF6D}.Release-SMCtoSplunkHTTP|x86.ActiveCfg = Release-SMCtoSplunkHTTP|Any CPU
		{028D0691-41C6-426E-B378-FB291425CF6D}.Release-SMCtoSplunkHTTP|x86.Build.0 = Release-SMCtoSplunkHTTP|Any CPU
		{52754B83-33EC-4C89-AB0B-CB022747BBFF}.aaLogWebAPI-Debug|Any CPU.ActiveCfg = aaLogWebAPI-Debug|Any CPU
		{52754B83-33EC-4C89-AB0B-CB022747BBFF}.aaLogWebAPI-Debug|Any CPU.Build.0 = aaLogWebAPI-Debug|Any CPU
		{52754B83-33EC-4C89-AB0B-CB022747BBFF}.aaLogWebAPI-Debug|Mixed Platforms.ActiveCfg = aaLogWebAPI-Debug|Any CPU
		{52754B83-33EC-4C89-AB0B-CB022747BBFF}.aaLogWebAPI-Debug|x86.ActiveCfg = aaLogWebAPI-Debug|Any CPU
		{52754B83-33EC-4C89-AB0B-CB022747BBFF}.aaLogWebAPI-Debug|x86.Build.0 = aaLogWebAPI-Debug|Any CPU
		{52754B83-33EC-4C89-AB0B-CB022747BBFF}.Debug|Any CPU.ActiveCfg = aaLogWebAPI-Debug|Any CPU
		{52754B83-33EC-4C89-AB0B-CB022747BBFF}.Debug|Any CPU.Build.0 = Debug|Any CPU
		{52754B83-33EC-4C89-AB0B-CB022747BBFF}.Debug|Mixed Platforms.ActiveCfg = Debug|Any CPU
		{52754B83-33EC-4C89-AB0B-CB022747BBFF}.Debug|Mixed Platforms.Build.0 = Debug|Any CPU
		{52754B83-33EC-4C89-AB0B-CB022747BBFF}.Debug|x86.ActiveCfg = Debug|Any CPU
		{52754B83-33EC-4C89-AB0B-CB022747BBFF}.Debug|x86.Build.0 = Debug|Any CPU
		{52754B83-33EC-4C89-AB0B-CB022747BBFF}.Release - aaSplunkLogConsole|Any CPU.ActiveCfg = aaLogWebAPI-Debug|Any CPU
		{52754B83-33EC-4C89-AB0B-CB022747BBFF}.Release - aaSplunkLogConsole|Mixed Platforms.ActiveCfg = Release - aaSplunkLogConsole|Any CPU
		{52754B83-33EC-4C89-AB0B-CB022747BBFF}.Release - aaSplunkLogConsole|Mixed Platforms.Build.0 = Release - aaSplunkLogConsole|Any CPU
		{52754B83-33EC-4C89-AB0B-CB022747BBFF}.Release - aaSplunkLogConsole|x86.ActiveCfg = Release - aaSplunkLogConsole|Any CPU
		{52754B83-33EC-4C89-AB0B-CB022747BBFF}.Release|Any CPU.ActiveCfg = aaLogWebAPI-Debug|Any CPU
		{52754B83-33EC-4C89-AB0B-CB022747BBFF}.Release|Mixed Platforms.ActiveCfg = Release|Any CPU
		{52754B83-33EC-4C89-AB0B-CB022747BBFF}.Release|Mixed Platforms.Build.0 = Release|Any CPU
		{52754B83-33EC-4C89-AB0B-CB022747BBFF}.Release|x86.ActiveCfg = Release|Any CPU
		{52754B83-33EC-4C89-AB0B-CB022747BBFF}.Release|x86.Build.0 = Release|Any CPU
		{52754B83-33EC-4C89-AB0B-CB022747BBFF}.Release-SMCtoSplunkHTTP|Any CPU.ActiveCfg = aaLogWebAPI-Debug|Any CPU
		{52754B83-33EC-4C89-AB0B-CB022747BBFF}.Release-SMCtoSplunkHTTP|Mixed Platforms.ActiveCfg = Release-SMCtoSplunkHTTP|Any CPU
		{52754B83-33EC-4C89-AB0B-CB022747BBFF}.Release-SMCtoSplunkHTTP|Mixed Platforms.Build.0 = Release-SMCtoSplunkHTTP|Any CPU
		{52754B83-33EC-4C89-AB0B-CB022747BBFF}.Release-SMCtoSplunkHTTP|x86.ActiveCfg = Release-SMCtoSplunkHTTP|Any CPU
		{52754B83-33EC-4C89-AB0B-CB022747BBFF}.Release-SMCtoSplunkHTTP|x86.Build.0 = Release-SMCtoSplunkHTTP|Any CPU
		{AD520B06-FC6D-4516-AB51-C6A87A8B9BC6}.aaLogWebAPI-Debug|Any CPU.ActiveCfg = aaLogWebAPI-Debug|Any CPU
		{AD520B06-FC6D-4516-AB51-C6A87A8B9BC6}.aaLogWebAPI-Debug|Any CPU.Build.0 = aaLogWebAPI-Debug|Any CPU
		{AD520B06-FC6D-4516-AB51-C6A87A8B9BC6}.aaLogWebAPI-Debug|Mixed Platforms.ActiveCfg = aaLogWebAPI-Debug|Any CPU
		{AD520B06-FC6D-4516-AB51-C6A87A8B9BC6}.aaLogWebAPI-Debug|x86.ActiveCfg = aaLogWebAPI-Debug|Any CPU
		{AD520B06-FC6D-4516-AB51-C6A87A8B9BC6}.aaLogWebAPI-Debug|x86.Build.0 = aaLogWebAPI-Debug|Any CPU
		{AD520B06-FC6D-4516-AB51-C6A87A8B9BC6}.Debug|Any CPU.ActiveCfg = aaLogWebAPI-Debug|Any CPU
		{AD520B06-FC6D-4516-AB51-C6A87A8B9BC6}.Debug|Any CPU.Build.0 = aaLogWebAPI-Debug|Any CPU
		{AD520B06-FC6D-4516-AB51-C6A87A8B9BC6}.Debug|Mixed Platforms.ActiveCfg = Debug|Any CPU
		{AD520B06-FC6D-4516-AB51-C6A87A8B9BC6}.Debug|x86.ActiveCfg = Debug|Any CPU
		{AD520B06-FC6D-4516-AB51-C6A87A8B9BC6}.Debug|x86.Build.0 = Debug|Any CPU
		{AD520B06-FC6D-4516-AB51-C6A87A8B9BC6}.Release - aaSplunkLogConsole|Any CPU.ActiveCfg = aaLogWebAPI-Debug|Any CPU
		{AD520B06-FC6D-4516-AB51-C6A87A8B9BC6}.Release - aaSplunkLogConsole|Any CPU.Build.0 = aaLogWebAPI-Debug|Any CPU
		{AD520B06-FC6D-4516-AB51-C6A87A8B9BC6}.Release - aaSplunkLogConsole|Mixed Platforms.ActiveCfg = Release - aaSplunkLogConsole|Any CPU
		{AD520B06-FC6D-4516-AB51-C6A87A8B9BC6}.Release - aaSplunkLogConsole|Mixed Platforms.Build.0 = Release - aaSplunkLogConsole|Any CPU
		{AD520B06-FC6D-4516-AB51-C6A87A8B9BC6}.Release - aaSplunkLogConsole|x86.ActiveCfg = Release - aaSplunkLogConsole|Any CPU
		{AD520B06-FC6D-4516-AB51-C6A87A8B9BC6}.Release|Any CPU.ActiveCfg = aaLogWebAPI-Debug|Any CPU
		{AD520B06-FC6D-4516-AB51-C6A87A8B9BC6}.Release|Any CPU.Build.0 = aaLogWebAPI-Debug|Any CPU
		{AD520B06-FC6D-4516-AB51-C6A87A8B9BC6}.Release|Mixed Platforms.ActiveCfg = Release|Any CPU
		{AD520B06-FC6D-4516-AB51-C6A87A8B9BC6}.Release|Mixed Platforms.Build.0 = Release|Any CPU
		{AD520B06-FC6D-4516-AB51-C6A87A8B9BC6}.Release|x86.ActiveCfg = Release|Any CPU
		{AD520B06-FC6D-4516-AB51-C6A87A8B9BC6}.Release|x86.Build.0 = Release|Any CPU
		{AD520B06-FC6D-4516-AB51-C6A87A8B9BC6}.Release-SMCtoSplunkHTTP|Any CPU.ActiveCfg = aaLogWebAPI-Debug|Any CPU
		{AD520B06-FC6D-4516-AB51-C6A87A8B9BC6}.Release-SMCtoSplunkHTTP|Mixed Platforms.ActiveCfg = Release-SMCtoSplunkHTTP|Any CPU
		{AD520B06-FC6D-4516-AB51-C6A87A8B9BC6}.Release-SMCtoSplunkHTTP|Mixed Platforms.Build.0 = Release-SMCtoSplunkHTTP|Any CPU
		{AD520B06-FC6D-4516-AB51-C6A87A8B9BC6}.Release-SMCtoSplunkHTTP|x86.ActiveCfg = Release-SMCtoSplunkHTTP|Any CPU
		{AD520B06-FC6D-4516-AB51-C6A87A8B9BC6}.Release-SMCtoSplunkHTTP|x86.Build.0 = Release-SMCtoSplunkHTTP|Any CPU
		{D38C492C-53EC-4F1B-98E7-CD7CD258E72D}.aaLogWebAPI-Debug|Any CPU.ActiveCfg = aaLogWebAPI-Debug|Any CPU
		{D38C492C-53EC-4F1B-98E7-CD7CD258E72D}.aaLogWebAPI-Debug|Any CPU.Build.0 = aaLogWebAPI-Debug|Any CPU
		{D38C492C-53EC-4F1B-98E7-CD7CD258E72D}.aaLogWebAPI-Debug|Mixed Platforms.ActiveCfg = aaLogWebAPI-Debug|Any CPU
		{D38C492C-53EC-4F1B-98E7-CD7CD258E72D}.aaLogWebAPI-Debug|x86.ActiveCfg = aaLogWebAPI-Debug|Any CPU
		{D38C492C-53EC-4F1B-98E7-CD7CD258E72D}.aaLogWebAPI-Debug|x86.Build.0 = aaLogWebAPI-Debug|Any CPU
		{D38C492C-53EC-4F1B-98E7-CD7CD258E72D}.Debug|Any CPU.ActiveCfg = aaLogWebAPI-Debug|Any CPU
		{D38C492C-53EC-4F1B-98E7-CD7CD258E72D}.Debug|Any CPU.Build.0 = aaLogWebAPI-Debug|Any CPU
		{D38C492C-53EC-4F1B-98E7-CD7CD258E72D}.Debug|Mixed Platforms.ActiveCfg = Debug|Any CPU
		{D38C492C-53EC-4F1B-98E7-CD7CD258E72D}.Debug|x86.ActiveCfg = Debug|Any CPU
		{D38C492C-53EC-4F1B-98E7-CD7CD258E72D}.Debug|x86.Build.0 = Debug|Any CPU
		{D38C492C-53EC-4F1B-98E7-CD7CD258E72D}.Release - aaSplunkLogConsole|Any CPU.ActiveCfg = aaLogWebAPI-Debug|Any CPU
		{D38C492C-53EC-4F1B-98E7-CD7CD258E72D}.Release - aaSplunkLogConsole|Any CPU.Build.0 = aaLogWebAPI-Debug|Any CPU
		{D38C492C-53EC-4F1B-98E7-CD7CD258E72D}.Release - aaSplunkLogConsole|Mixed Platforms.ActiveCfg = Release|Any CPU
		{D38C492C-53EC-4F1B-98E7-CD7CD258E72D}.Release - aaSplunkLogConsole|Mixed Platforms.Build.0 = Release|Any CPU
		{D38C492C-53EC-4F1B-98E7-CD7CD258E72D}.Release - aaSplunkLogConsole|x86.ActiveCfg = Release|Any CPU
		{D38C492C-53EC-4F1B-98E7-CD7CD258E72D}.Release|Any CPU.ActiveCfg = aaLogWebAPI-Debug|Any CPU
		{D38C492C-53EC-4F1B-98E7-CD7CD258E72D}.Release|Any CPU.Build.0 = aaLogWebAPI-Debug|Any CPU
		{D38C492C-53EC-4F1B-98E7-CD7CD258E72D}.Release|Mixed Platforms.ActiveCfg = Release|Any CPU
		{D38C492C-53EC-4F1B-98E7-CD7CD258E72D}.Release|Mixed Platforms.Build.0 = Release|Any CPU
		{D38C492C-53EC-4F1B-98E7-CD7CD258E72D}.Release|x86.ActiveCfg = Release|Any CPU
		{D38C492C-53EC-4F1B-98E7-CD7CD258E72D}.Release|x86.Build.0 = Release|Any CPU
		{D38C492C-53EC-4F1B-98E7-CD7CD258E72D}.Release-SMCtoSplunkHTTP|Any CPU.ActiveCfg = aaLogWebAPI-Debug|Any CPU
		{D38C492C-53EC-4F1B-98E7-CD7CD258E72D}.Release-SMCtoSplunkHTTP|Mixed Platforms.ActiveCfg = Release-SMCtoSplunkHTTP|Any CPU
		{D38C492C-53EC-4F1B-98E7-CD7CD258E72D}.Release-SMCtoSplunkHTTP|Mixed Platforms.Build.0 = Release-SMCtoSplunkHTTP|Any CPU
		{D38C492C-53EC-4F1B-98E7-CD7CD258E72D}.Release-SMCtoSplunkHTTP|x86.ActiveCfg = Release-SMCtoSplunkHTTP|Any CPU
		{D38C492C-53EC-4F1B-98E7-CD7CD258E72D}.Release-SMCtoSplunkHTTP|x86.Build.0 = Release-SMCtoSplunkHTTP|Any CPU
		{5A559239-6B65-4F01-8D7D-B728FE5DA44C}.aaLogWebAPI-Debug|Any CPU.ActiveCfg = aaLogWebAPI-Debug|Any CPU
		{5A559239-6B65-4F01-8D7D-B728FE5DA44C}.aaLogWebAPI-Debug|Any CPU.Build.0 = aaLogWebAPI-Debug|Any CPU
		{5A559239-6B65-4F01-8D7D-B728FE5DA44C}.aaLogWebAPI-Debug|Mixed Platforms.ActiveCfg = aaLogWebAPI-Debug|Any CPU
		{5A559239-6B65-4F01-8D7D-B728FE5DA44C}.aaLogWebAPI-Debug|x86.ActiveCfg = aaLogWebAPI-Debug|Any CPU
		{5A559239-6B65-4F01-8D7D-B728FE5DA44C}.aaLogWebAPI-Debug|x86.Build.0 = aaLogWebAPI-Debug|Any CPU
		{5A559239-6B65-4F01-8D7D-B728FE5DA44C}.Debug|Any CPU.ActiveCfg = aaLogWebAPI-Debug|Any CPU
		{5A559239-6B65-4F01-8D7D-B728FE5DA44C}.Debug|Any CPU.Build.0 = aaLogWebAPI-Debug|Any CPU
		{5A559239-6B65-4F01-8D7D-B728FE5DA44C}.Debug|Mixed Platforms.ActiveCfg = Debug|Any CPU
		{5A559239-6B65-4F01-8D7D-B728FE5DA44C}.Debug|x86.ActiveCfg = Debug|Any CPU
		{5A559239-6B65-4F01-8D7D-B728FE5DA44C}.Debug|x86.Build.0 = Debug|Any CPU
		{5A559239-6B65-4F01-8D7D-B728FE5DA44C}.Release - aaSplunkLogConsole|Any CPU.ActiveCfg = aaLogWebAPI-Debug|Any CPU
		{5A559239-6B65-4F01-8D7D-B728FE5DA44C}.Release - aaSplunkLogConsole|Any CPU.Build.0 = aaLogWebAPI-Debug|Any CPU
		{5A559239-6B65-4F01-8D7D-B728FE5DA44C}.Release - aaSplunkLogConsole|Mixed Platforms.ActiveCfg = Release|Any CPU
		{5A559239-6B65-4F01-8D7D-B728FE5DA44C}.Release - aaSplunkLogConsole|Mixed Platforms.Build.0 = Release|Any CPU
		{5A559239-6B65-4F01-8D7D-B728FE5DA44C}.Release - aaSplunkLogConsole|x86.ActiveCfg = Release|Any CPU
		{5A559239-6B65-4F01-8D7D-B728FE5DA44C}.Release|Any CPU.ActiveCfg = aaLogWebAPI-Debug|Any CPU
		{5A559239-6B65-4F01-8D7D-B728FE5DA44C}.Release|Any CPU.Build.0 = aaLogWebAPI-Debug|Any CPU
		{5A559239-6B65-4F01-8D7D-B728FE5DA44C}.Release|Mixed Platforms.ActiveCfg = Release|Any CPU
		{5A559239-6B65-4F01-8D7D-B728FE5DA44C}.Release|Mixed Platforms.Build.0 = Release|Any CPU
		{5A559239-6B65-4F01-8D7D-B728FE5DA44C}.Release|x86.ActiveCfg = Release|Any CPU
		{5A559239-6B65-4F01-8D7D-B728FE5DA44C}.Release-SMCtoSplunkHTTP|Any CPU.ActiveCfg = aaLogWebAPI-Debug|Any CPU
		{5A559239-6B65-4F01-8D7D-B728FE5DA44C}.Release-SMCtoSplunkHTTP|Mixed Platforms.ActiveCfg = Release-SMCtoSplunkHTTP|Any CPU
		{5A559239-6B65-4F01-8D7D-B728FE5DA44C}.Release-SMCtoSplunkHTTP|Mixed Platforms.Build.0 = Release-SMCtoSplunkHTTP|Any CPU
		{5A559239-6B65-4F01-8D7D-B728FE5DA44C}.Release-SMCtoSplunkHTTP|x86.ActiveCfg = Release-SMCtoSplunkHTTP|Any CPU
		{5A559239-6B65-4F01-8D7D-B728FE5DA44C}.Release-SMCtoSplunkHTTP|x86.Build.0 = Release-SMCtoSplunkHTTP|Any CPU
		{7DDF62AB-BE62-4EDB-9870-0DE3F2A679CF}.aaLogWebAPI-Debug|Any CPU.ActiveCfg = aaLogWebAPI-Debug|Any CPU
		{7DDF62AB-BE62-4EDB-9870-0DE3F2A679CF}.aaLogWebAPI-Debug|Any CPU.Build.0 = aaLogWebAPI-Debug|Any CPU
		{7DDF62AB-BE62-4EDB-9870-0DE3F2A679CF}.aaLogWebAPI-Debug|Mixed Platforms.ActiveCfg = aaLogWebAPI-Debug|Any CPU
		{7DDF62AB-BE62-4EDB-9870-0DE3F2A679CF}.aaLogWebAPI-Debug|Mixed Platforms.Build.0 = aaLogWebAPI-Debug|Any CPU
		{7DDF62AB-BE62-4EDB-9870-0DE3F2A679CF}.aaLogWebAPI-Debug|x86.ActiveCfg = aaLogWebAPI-Debug|Any CPU
		{7DDF62AB-BE62-4EDB-9870-0DE3F2A679CF}.aaLogWebAPI-Debug|x86.Build.0 = aaLogWebAPI-Debug|Any CPU
		{7DDF62AB-BE62-4EDB-9870-0DE3F2A679CF}.Debug|Any CPU.ActiveCfg = aaLogWebAPI-Debug|Any CPU
		{7DDF62AB-BE62-4EDB-9870-0DE3F2A679CF}.Debug|Any CPU.Build.0 = aaLogWebAPI-Debug|Any CPU
		{7DDF62AB-BE62-4EDB-9870-0DE3F2A679CF}.Debug|Mixed Platforms.ActiveCfg = Debug|Any CPU
		{7DDF62AB-BE62-4EDB-9870-0DE3F2A679CF}.Debug|Mixed Platforms.Build.0 = Debug|Any CPU
		{7DDF62AB-BE62-4EDB-9870-0DE3F2A679CF}.Debug|x86.ActiveCfg = Debug|Any CPU
		{7DDF62AB-BE62-4EDB-9870-0DE3F2A679CF}.Release - aaSplunkLogConsole|Any CPU.ActiveCfg = aaLogWebAPI-Debug|Any CPU
		{7DDF62AB-BE62-4EDB-9870-0DE3F2A679CF}.Release - aaSplunkLogConsole|Any CPU.Build.0 = aaLogWebAPI-Debug|Any CPU
		{7DDF62AB-BE62-4EDB-9870-0DE3F2A679CF}.Release - aaSplunkLogConsole|Mixed Platforms.ActiveCfg = Release|Any CPU
		{7DDF62AB-BE62-4EDB-9870-0DE3F2A679CF}.Release - aaSplunkLogConsole|Mixed Platforms.Build.0 = Release|Any CPU
		{7DDF62AB-BE62-4EDB-9870-0DE3F2A679CF}.Release - aaSplunkLogConsole|x86.ActiveCfg = Release|Any CPU
		{7DDF62AB-BE62-4EDB-9870-0DE3F2A679CF}.Release|Any CPU.ActiveCfg = aaLogWebAPI-Debug|Any CPU
		{7DDF62AB-BE62-4EDB-9870-0DE3F2A679CF}.Release|Any CPU.Build.0 = aaLogWebAPI-Debug|Any CPU
		{7DDF62AB-BE62-4EDB-9870-0DE3F2A679CF}.Release|Mixed Platforms.ActiveCfg = Release|Any CPU
		{7DDF62AB-BE62-4EDB-9870-0DE3F2A679CF}.Release|Mixed Platforms.Build.0 = Release|Any CPU
		{7DDF62AB-BE62-4EDB-9870-0DE3F2A679CF}.Release|x86.ActiveCfg = Release|Any CPU
		{7DDF62AB-BE62-4EDB-9870-0DE3F2A679CF}.Release-SMCtoSplunkHTTP|Any CPU.ActiveCfg = aaLogWebAPI-Debug|Any CPU
		{7DDF62AB-BE62-4EDB-9870-0DE3F2A679CF}.Release-SMCtoSplunkHTTP|Mixed Platforms.ActiveCfg = Release-SMCtoSplunkHTTP|Any CPU
		{7DDF62AB-BE62-4EDB-9870-0DE3F2A679CF}.Release-SMCtoSplunkHTTP|Mixed Platforms.Build.0 = Release-SMCtoSplunkHTTP|Any CPU
		{7DDF62AB-BE62-4EDB-9870-0DE3F2A679CF}.Release-SMCtoSplunkHTTP|x86.ActiveCfg = Release-SMCtoSplunkHTTP|Any CPU
		{7DDF62AB-BE62-4EDB-9870-0DE3F2A679CF}.Release-SMCtoSplunkHTTP|x86.Build.0 = Release-SMCtoSplunkHTTP|Any CPU
		{A606F2E4-442B-4C64-96E5-8BB9318FF28C}.aaLogWebAPI-Debug|Any CPU.ActiveCfg = aaLogWebAPI-Debug|Any CPU
		{A606F2E4-442B-4C64-96E5-8BB9318FF28C}.aaLogWebAPI-Debug|Any CPU.Build.0 = aaLogWebAPI-Debug|Any CPU
		{A606F2E4-442B-4C64-96E5-8BB9318FF28C}.aaLogWebAPI-Debug|Mixed Platforms.ActiveCfg = aaLogWebAPI-Debug|Any CPU
		{A606F2E4-442B-4C64-96E5-8BB9318FF28C}.aaLogWebAPI-Debug|Mixed Platforms.Build.0 = aaLogWebAPI-Debug|Any CPU
		{A606F2E4-442B-4C64-96E5-8BB9318FF28C}.aaLogWebAPI-Debug|x86.ActiveCfg = aaLogWebAPI-Debug|Any CPU
		{A606F2E4-442B-4C64-96E5-8BB9318FF28C}.aaLogWebAPI-Debug|x86.Build.0 = aaLogWebAPI-Debug|Any CPU
		{A606F2E4-442B-4C64-96E5-8BB9318FF28C}.Debug|Any CPU.ActiveCfg = aaLogWebAPI-Debug|Any CPU
		{A606F2E4-442B-4C64-96E5-8BB9318FF28C}.Debug|Any CPU.Build.0 = aaLogWebAPI-Debug|Any CPU
		{A606F2E4-442B-4C64-96E5-8BB9318FF28C}.Debug|Mixed Platforms.ActiveCfg = Debug|Any CPU
		{A606F2E4-442B-4C64-96E5-8BB9318FF28C}.Debug|Mixed Platforms.Build.0 = Debug|Any CPU
		{A606F2E4-442B-4C64-96E5-8BB9318FF28C}.Debug|x86.ActiveCfg = Debug|Any CPU
		{A606F2E4-442B-4C64-96E5-8BB9318FF28C}.Release - aaSplunkLogConsole|Any CPU.ActiveCfg = aaLogWebAPI-Debug|Any CPU
		{A606F2E4-442B-4C64-96E5-8BB9318FF28C}.Release - aaSplunkLogConsole|Any CPU.Build.0 = aaLogWebAPI-Debug|Any CPU
		{A606F2E4-442B-4C64-96E5-8BB9318FF28C}.Release - aaSplunkLogConsole|Mixed Platforms.ActiveCfg = Release|Any CPU
		{A606F2E4-442B-4C64-96E5-8BB9318FF28C}.Release - aaSplunkLogConsole|Mixed Platforms.Build.0 = Release|Any CPU
		{A606F2E4-442B-4C64-96E5-8BB9318FF28C}.Release - aaSplunkLogConsole|x86.ActiveCfg = Release|Any CPU
		{A606F2E4-442B-4C64-96E5-8BB9318FF28C}.Release|Any CPU.ActiveCfg = aaLogWebAPI-Debug|Any CPU
		{A606F2E4-442B-4C64-96E5-8BB9318FF28C}.Release|Any CPU.Build.0 = aaLogWebAPI-Debug|Any CPU
		{A606F2E4-442B-4C64-96E5-8BB9318FF28C}.Release|Mixed Platforms.ActiveCfg = Release|Any CPU
		{A606F2E4-442B-4C64-96E5-8BB9318FF28C}.Release|Mixed Platforms.Build.0 = Release|Any CPU
		{A606F2E4-442B-4C64-96E5-8BB9318FF28C}.Release|x86.ActiveCfg = Release|Any CPU
		{A606F2E4-442B-4C64-96E5-8BB9318FF28C}.Release-SMCtoSplunkHTTP|Any CPU.ActiveCfg = aaLogWebAPI-Debug|Any CPU
		{A606F2E4-442B-4C64-96E5-8BB9318FF28C}.Release-SMCtoSplunkHTTP|Mixed Platforms.ActiveCfg = Release-SMCtoSplunkHTTP|Any CPU
		{A606F2E4-442B-4C64-96E5-8BB9318FF28C}.Release-SMCtoSplunkHTTP|Mixed Platforms.Build.0 = Release-SMCtoSplunkHTTP|Any CPU
		{A606F2E4-442B-4C64-96E5-8BB9318FF28C}.Release-SMCtoSplunkHTTP|x86.ActiveCfg = Release-SMCtoSplunkHTTP|Any CPU
		{A606F2E4-442B-4C64-96E5-8BB9318FF28C}.Release-SMCtoSplunkHTTP|x86.Build.0 = Release-SMCtoSplunkHTTP|Any CPU
		{24511475-8AF2-4DB0-8BFB-E9E215970ACF}.aaLogWebAPI-Debug|Any CPU.ActiveCfg = Debug|Any CPU
		{24511475-8AF2-4DB0-8BFB-E9E215970ACF}.aaLogWebAPI-Debug|Any CPU.Build.0 = Debug|Any CPU
		{24511475-8AF2-4DB0-8BFB-E9E215970ACF}.aaLogWebAPI-Debug|Mixed Platforms.ActiveCfg = Debug|Any CPU
		{24511475-8AF2-4DB0-8BFB-E9E215970ACF}.aaLogWebAPI-Debug|Mixed Platforms.Build.0 = Debug|Any CPU
		{24511475-8AF2-4DB0-8BFB-E9E215970ACF}.aaLogWebAPI-Debug|x86.ActiveCfg = Debug|Any CPU
		{24511475-8AF2-4DB0-8BFB-E9E215970ACF}.aaLogWebAPI-Debug|x86.Build.0 = Debug|Any CPU
		{24511475-8AF2-4DB0-8BFB-E9E215970ACF}.Debug|Any CPU.ActiveCfg = Debug|Any CPU
		{24511475-8AF2-4DB0-8BFB-E9E215970ACF}.Debug|Any CPU.Build.0 = Debug|Any CPU
		{24511475-8AF2-4DB0-8BFB-E9E215970ACF}.Debug|Mixed Platforms.ActiveCfg = Debug|Any CPU
		{24511475-8AF2-4DB0-8BFB-E9E215970ACF}.Debug|Mixed Platforms.Build.0 = Debug|Any CPU
		{24511475-8AF2-4DB0-8BFB-E9E215970ACF}.Debug|x86.ActiveCfg = Debug|Any CPU
		{24511475-8AF2-4DB0-8BFB-E9E215970ACF}.Debug|x86.Build.0 = Debug|Any CPU
		{24511475-8AF2-4DB0-8BFB-E9E215970ACF}.Release - aaSplunkLogConsole|Any CPU.ActiveCfg = Debug|Any CPU
		{24511475-8AF2-4DB0-8BFB-E9E215970ACF}.Release - aaSplunkLogConsole|Any CPU.Build.0 = Debug|Any CPU
		{24511475-8AF2-4DB0-8BFB-E9E215970ACF}.Release - aaSplunkLogConsole|Mixed Platforms.ActiveCfg = Release|Any CPU
		{24511475-8AF2-4DB0-8BFB-E9E215970ACF}.Release - aaSplunkLogConsole|Mixed Platforms.Build.0 = Release|Any CPU
		{24511475-8AF2-4DB0-8BFB-E9E215970ACF}.Release - aaSplunkLogConsole|x86.ActiveCfg = Release|Any CPU
		{24511475-8AF2-4DB0-8BFB-E9E215970ACF}.Release - aaSplunkLogConsole|x86.Build.0 = Release|Any CPU
		{24511475-8AF2-4DB0-8BFB-E9E215970ACF}.Release|Any CPU.ActiveCfg = Debug|Any CPU
		{24511475-8AF2-4DB0-8BFB-E9E215970ACF}.Release|Any CPU.Build.0 = Debug|Any CPU
		{24511475-8AF2-4DB0-8BFB-E9E215970ACF}.Release|Mixed Platforms.ActiveCfg = Release|Any CPU
		{24511475-8AF2-4DB0-8BFB-E9E215970ACF}.Release|Mixed Platforms.Build.0 = Release|Any CPU
		{24511475-8AF2-4DB0-8BFB-E9E215970ACF}.Release|x86.ActiveCfg = Release|Any CPU
		{24511475-8AF2-4DB0-8BFB-E9E215970ACF}.Release|x86.Build.0 = Release|Any CPU
		{24511475-8AF2-4DB0-8BFB-E9E215970ACF}.Release-SMCtoSplunkHTTP|Any CPU.ActiveCfg = Debug|Any CPU
		{24511475-8AF2-4DB0-8BFB-E9E215970ACF}.Release-SMCtoSplunkHTTP|Any CPU.Build.0 = Debug|Any CPU
		{24511475-8AF2-4DB0-8BFB-E9E215970ACF}.Release-SMCtoSplunkHTTP|Mixed Platforms.ActiveCfg = Release-SMCtoSplunkHTTP|Any CPU
		{24511475-8AF2-4DB0-8BFB-E9E215970ACF}.Release-SMCtoSplunkHTTP|Mixed Platforms.Build.0 = Release-SMCtoSplunkHTTP|Any CPU
		{24511475-8AF2-4DB0-8BFB-E9E215970ACF}.Release-SMCtoSplunkHTTP|x86.ActiveCfg = Release-SMCtoSplunkHTTP|Any CPU
		{24511475-8AF2-4DB0-8BFB-E9E215970ACF}.Release-SMCtoSplunkHTTP|x86.Build.0 = Release-SMCtoSplunkHTTP|Any CPU
		{3EFD1293-2F52-4C52-A076-751BBC1E15F8}.aaLogWebAPI-Debug|Any CPU.ActiveCfg = Debug|Any CPU
		{3EFD1293-2F52-4C52-A076-751BBC1E15F8}.aaLogWebAPI-Debug|Any CPU.Build.0 = Debug|Any CPU
		{3EFD1293-2F52-4C52-A076-751BBC1E15F8}.aaLogWebAPI-Debug|Mixed Platforms.ActiveCfg = Debug|Any CPU
		{3EFD1293-2F52-4C52-A076-751BBC1E15F8}.aaLogWebAPI-Debug|Mixed Platforms.Build.0 = Debug|Any CPU
		{3EFD1293-2F52-4C52-A076-751BBC1E15F8}.aaLogWebAPI-Debug|x86.ActiveCfg = Debug|Any CPU
		{3EFD1293-2F52-4C52-A076-751BBC1E15F8}.aaLogWebAPI-Debug|x86.Build.0 = Debug|Any CPU
		{3EFD1293-2F52-4C52-A076-751BBC1E15F8}.Debug|Any CPU.ActiveCfg = Debug|Any CPU
		{3EFD1293-2F52-4C52-A076-751BBC1E15F8}.Debug|Any CPU.Build.0 = Debug|Any CPU
		{3EFD1293-2F52-4C52-A076-751BBC1E15F8}.Debug|Mixed Platforms.ActiveCfg = Debug|Any CPU
		{3EFD1293-2F52-4C52-A076-751BBC1E15F8}.Debug|Mixed Platforms.Build.0 = Debug|Any CPU
		{3EFD1293-2F52-4C52-A076-751BBC1E15F8}.Debug|x86.ActiveCfg = Debug|Any CPU
		{3EFD1293-2F52-4C52-A076-751BBC1E15F8}.Debug|x86.Build.0 = Debug|Any CPU
		{3EFD1293-2F52-4C52-A076-751BBC1E15F8}.Release - aaSplunkLogConsole|Any CPU.ActiveCfg = Release|Any CPU
		{3EFD1293-2F52-4C52-A076-751BBC1E15F8}.Release - aaSplunkLogConsole|Any CPU.Build.0 = Release|Any CPU
		{3EFD1293-2F52-4C52-A076-751BBC1E15F8}.Release - aaSplunkLogConsole|Mixed Platforms.ActiveCfg = Release|Any CPU
		{3EFD1293-2F52-4C52-A076-751BBC1E15F8}.Release - aaSplunkLogConsole|Mixed Platforms.Build.0 = Release|Any CPU
		{3EFD1293-2F52-4C52-A076-751BBC1E15F8}.Release - aaSplunkLogConsole|x86.ActiveCfg = Release|Any CPU
		{3EFD1293-2F52-4C52-A076-751BBC1E15F8}.Release - aaSplunkLogConsole|x86.Build.0 = Release|Any CPU
		{3EFD1293-2F52-4C52-A076-751BBC1E15F8}.Release|Any CPU.ActiveCfg = Release|Any CPU
		{3EFD1293-2F52-4C52-A076-751BBC1E15F8}.Release|Any CPU.Build.0 = Release|Any CPU
		{3EFD1293-2F52-4C52-A076-751BBC1E15F8}.Release|Mixed Platforms.ActiveCfg = Release|Any CPU
		{3EFD1293-2F52-4C52-A076-751BBC1E15F8}.Release|Mixed Platforms.Build.0 = Release|Any CPU
		{3EFD1293-2F52-4C52-A076-751BBC1E15F8}.Release|x86.ActiveCfg = Release|Any CPU
		{3EFD1293-2F52-4C52-A076-751BBC1E15F8}.Release|x86.Build.0 = Release|Any CPU
		{3EFD1293-2F52-4C52-A076-751BBC1E15F8}.Release-SMCtoSplunkHTTP|Any CPU.ActiveCfg = Release|Any CPU
		{3EFD1293-2F52-4C52-A076-751BBC1E15F8}.Release-SMCtoSplunkHTTP|Any CPU.Build.0 = Release|Any CPU
		{3EFD1293-2F52-4C52-A076-751BBC1E15F8}.Release-SMCtoSplunkHTTP|Mixed Platforms.ActiveCfg = Release|Any CPU
		{3EFD1293-2F52-4C52-A076-751BBC1E15F8}.Release-SMCtoSplunkHTTP|Mixed Platforms.Build.0 = Release|Any CPU
		{3EFD1293-2F52-4C52-A076-751BBC1E15F8}.Release-SMCtoSplunkHTTP|x86.ActiveCfg = Release|Any CPU
		{3EFD1293-2F52-4C52-A076-751BBC1E15F8}.Release-SMCtoSplunkHTTP|x86.Build.0 = Release|Any CPU
		{4D5F5983-C163-4A31-9336-0171BAEE7068}.aaLogWebAPI-Debug|Any CPU.ActiveCfg = Release|x86
		{4D5F5983-C163-4A31-9336-0171BAEE7068}.aaLogWebAPI-Debug|Any CPU.Build.0 = Release|x86
		{4D5F5983-C163-4A31-9336-0171BAEE7068}.aaLogWebAPI-Debug|Mixed Platforms.ActiveCfg = Debug|x86
		{4D5F5983-C163-4A31-9336-0171BAEE7068}.aaLogWebAPI-Debug|Mixed Platforms.Build.0 = Debug|x86
		{4D5F5983-C163-4A31-9336-0171BAEE7068}.aaLogWebAPI-Debug|x86.ActiveCfg = Debug|x86
		{4D5F5983-C163-4A31-9336-0171BAEE7068}.aaLogWebAPI-Debug|x86.Build.0 = Debug|x86
		{4D5F5983-C163-4A31-9336-0171BAEE7068}.Debug|Any CPU.ActiveCfg = Debug|x86
		{4D5F5983-C163-4A31-9336-0171BAEE7068}.Debug|Mixed Platforms.ActiveCfg = Debug|x86
		{4D5F5983-C163-4A31-9336-0171BAEE7068}.Debug|Mixed Platforms.Build.0 = Debug|x86
		{4D5F5983-C163-4A31-9336-0171BAEE7068}.Debug|x86.ActiveCfg = Debug|x86
		{4D5F5983-C163-4A31-9336-0171BAEE7068}.Debug|x86.Build.0 = Debug|x86
		{4D5F5983-C163-4A31-9336-0171BAEE7068}.Release - aaSplunkLogConsole|Any CPU.ActiveCfg = Release|x86
		{4D5F5983-C163-4A31-9336-0171BAEE7068}.Release - aaSplunkLogConsole|Any CPU.Build.0 = Release|x86
		{4D5F5983-C163-4A31-9336-0171BAEE7068}.Release - aaSplunkLogConsole|Mixed Platforms.ActiveCfg = Release|x86
		{4D5F5983-C163-4A31-9336-0171BAEE7068}.Release - aaSplunkLogConsole|Mixed Platforms.Build.0 = Release|x86
		{4D5F5983-C163-4A31-9336-0171BAEE7068}.Release - aaSplunkLogConsole|x86.ActiveCfg = Release|x86
		{4D5F5983-C163-4A31-9336-0171BAEE7068}.Release - aaSplunkLogConsole|x86.Build.0 = Release|x86
		{4D5F5983-C163-4A31-9336-0171BAEE7068}.Release|Any CPU.ActiveCfg = Release|x86
		{4D5F5983-C163-4A31-9336-0171BAEE7068}.Release|Mixed Platforms.ActiveCfg = Release|x86
		{4D5F5983-C163-4A31-9336-0171BAEE7068}.Release|Mixed Platforms.Build.0 = Release|x86
		{4D5F5983-C163-4A31-9336-0171BAEE7068}.Release|x86.ActiveCfg = Release|x86
		{4D5F5983-C163-4A31-9336-0171BAEE7068}.Release|x86.Build.0 = Release|x86
		{4D5F5983-C163-4A31-9336-0171BAEE7068}.Release-SMCtoSplunkHTTP|Any CPU.ActiveCfg = Release|x86
		{4D5F5983-C163-4A31-9336-0171BAEE7068}.Release-SMCtoSplunkHTTP|Any CPU.Build.0 = Release|x86
		{4D5F5983-C163-4A31-9336-0171BAEE7068}.Release-SMCtoSplunkHTTP|Mixed Platforms.ActiveCfg = Release|x86
		{4D5F5983-C163-4A31-9336-0171BAEE7068}.Release-SMCtoSplunkHTTP|Mixed Platforms.Build.0 = Release|x86
		{4D5F5983-C163-4A31-9336-0171BAEE7068}.Release-SMCtoSplunkHTTP|x86.ActiveCfg = Release|x86
		{4D5F5983-C163-4A31-9336-0171BAEE7068}.Release-SMCtoSplunkHTTP|x86.Build.0 = Release|x86
	EndGlobalSection
	GlobalSection(SolutionProperties) = preSolution
		HideSolutionNode = FALSE
	EndGlobalSection
	GlobalSection(ExtensibilityGlobals) = postSolution
		SolutionGuid = {CAD20215-2E39-4CB5-8F40-E2ABCFF837F4}
	EndGlobalSection
EndGlobal
